
Microsoft Visual Studio Solution File, Format Version 12.00
# Visual Studio Version 16
VisualStudioVersion = 16.0.31019.35
MinimumVisualStudioVersion = 10.0.40219.1
Project("{FAE04EC0-301F-11D3-BF4B-00C04F79EFBC}") = "PlurasightAuthClient", "PlurasightAuthClient\PlurasightAuthClient.csproj", "{E927F70E-7E23-4F7C-ADE9-9559E213E69A}"
EndProject
Project("{FAE04EC0-301F-11D3-BF4B-00C04F79EFBC}") = "PluralsightAuth.Api", "PluralsightAuth.Api\PluralsightAuth.Api.csproj", "{558E8A06-21A3-4A20-90D7-F8E4F98698E4}"
EndProject
Project("{FAE04EC0-301F-11D3-BF4B-00C04F79EFBC}") = "PluralsightAuth.Api2", "PluralsightAuth.Api2\PluralsightAuth.Api2.csproj", "{4DB6519C-F853-49D5-948C-598A4BD881F7}"
EndProject
Global
	GlobalSection(SolutionConfigurationPlatforms) = preSolution
		Debug|Any CPU = Debug|Any CPU
		Release|Any CPU = Release|Any CPU
	EndGlobalSection
	GlobalSection(ProjectConfigurationPlatforms) = postSolution
		{E927F70E-7E23-4F7C-ADE9-9559E213E69A}.Debug|Any CPU.ActiveCfg = Debug|Any CPU
		{E927F70E-7E23-4F7C-ADE9-9559E213E69A}.Debug|Any CPU.Build.0 = Debug|Any CPU
		{E927F70E-7E23-4F7C-ADE9-9559E213E69A}.Release|Any CPU.ActiveCfg = Release|Any CPU
		{E927F70E-7E23-4F7C-ADE9-9559E213E69A}.Release|Any CPU.Build.0 = Release|Any CPU
		{558E8A06-21A3-4A20-90D7-F8E4F98698E4}.Debug|Any CPU.ActiveCfg = Debug|Any CPU
		{558E8A06-21A3-4A20-90D7-F8E4F98698E4}.Debug|Any CPU.Build.0 = Debug|Any CPU
		{558E8A06-21A3-4A20-90D7-F8E4F98698E4}.Release|Any CPU.ActiveCfg = Release|Any CPU
		{558E8A06-21A3-4A20-90D7-F8E4F98698E4}.Release|Any CPU.Build.0 = Release|Any CPU
		{4DB6519C-F853-49D5-948C-598A4BD881F7}.Debug|Any CPU.ActiveCfg = Debug|Any CPU
		{4DB6519C-F853-49D5-948C-598A4BD881F7}.Debug|Any CPU.Build.0 = Debug|Any CPU
		{4DB6519C-F853-49D5-948C-598A4BD881F7}.Release|Any CPU.ActiveCfg = Release|Any CPU
		{4DB6519C-F853-49D5-948C-598A4BD881F7}.Release|Any CPU.Build.0 = Release|Any CPU
	EndGlobalSection
	GlobalSection(SolutionProperties) = preSolution
		HideSolutionNode = FALSE
	EndGlobalSection
	GlobalSection(ExtensibilityGlobals) = postSolution
		SolutionGuid = {1277509C-9963-4DBF-B114-A1DECB0CD20C}
	EndGlobalSection
EndGlobal
